{
  "version": 4,
  "terraform_version": "1.5.7",
  "serial": 12,
  "lineage": "d34bc1a6-10f4-542c-efa6-26e466cce88a",
  "outputs": {
    "PetclinicServerDNSName": {
      "value": "ec2-52-201-215-117.compute-1.amazonaws.com",
      "type": "string"
    }
  },
  "resources": [
    {
      "mode": "managed",
      "type": "aws_instance",
      "name": "PetclinicServer",
      "provider": "provider[\"registry.terraform.io/hashicorp/aws\"]",
      "instances": [
        {
          "schema_version": 1,
          "attributes": {
            "ami": "ami-0fc5d935ebf8bc3bc",
            "arn": "arn:aws:ec2:us-east-1:986114105941:instance/i-097205b44bfe6f2d4",
            "associate_public_ip_address": true,
            "availability_zone": "us-east-1d",
            "capacity_reservation_specification": [
              {
                "capacity_reservation_preference": "open",
                "capacity_reservation_target": []
              }
            ],
            "cpu_core_count": 1,
            "cpu_options": [
              {
                "amd_sev_snp": "",
                "core_count": 1,
                "threads_per_core": 2
              }
            ],
            "cpu_threads_per_core": 2,
            "credit_specification": [
              {
                "cpu_credits": "unlimited"
              }
            ],
            "disable_api_stop": false,
            "disable_api_termination": false,
            "ebs_block_device": [],
            "ebs_optimized": false,
            "enclave_options": [
              {
                "enabled": false
              }
            ],
            "ephemeral_block_device": [],
            "get_password_data": false,
            "hibernation": false,
            "host_id": "",
            "host_resource_group_arn": null,
            "iam_instance_profile": "",
            "id": "i-097205b44bfe6f2d4",
            "instance_initiated_shutdown_behavior": "stop",
            "instance_lifecycle": "",
            "instance_market_options": [],
            "instance_state": "running",
            "instance_type": "t3a.medium",
            "ipv6_address_count": 0,
            "ipv6_addresses": [],
            "key_name": "petclinic_key",
            "launch_template": [
              {
                "id": "lt-096c9de633647c5f0",
                "name": "terraform-20231111035828306200000001",
                "version": "1"
              }
            ],
            "maintenance_options": [
              {
                "auto_recovery": "default"
              }
            ],
            "metadata_options": [
              {
                "http_endpoint": "enabled",
                "http_protocol_ipv6": "disabled",
                "http_put_response_hop_limit": 1,
                "http_tokens": "optional",
                "instance_metadata_tags": "disabled"
              }
            ],
            "monitoring": false,
            "network_interface": [],
            "outpost_arn": "",
            "password_data": "",
            "placement_group": "",
            "placement_partition_number": 0,
            "primary_network_interface_id": "eni-0ad5a44d7eaf59a1d",
            "private_dns": "ip-172-31-85-154.ec2.internal",
            "private_dns_name_options": [
              {
                "enable_resource_name_dns_a_record": false,
                "enable_resource_name_dns_aaaa_record": false,
                "hostname_type": "ip-name"
              }
            ],
            "private_ip": "172.31.85.154",
            "public_dns": "ec2-52-201-215-117.compute-1.amazonaws.com",
            "public_ip": "52.201.215.117",
            "root_block_device": [
              {
                "delete_on_termination": true,
                "device_name": "/dev/sda1",
                "encrypted": false,
                "iops": 100,
                "kms_key_id": "",
                "tags": {},
                "throughput": 0,
                "volume_id": "vol-0cf1ee049b913b2e1",
                "volume_size": 8,
                "volume_type": "gp2"
              }
            ],
            "secondary_private_ips": [],
            "security_groups": [
              "sg_for_dev_server"
            ],
            "source_dest_check": true,
            "spot_instance_request_id": "",
            "subnet_id": "subnet-039a47c70158833bf",
            "tags": {
              "Name": "Development-Server"
            },
            "tags_all": {
              "Name": "Development-Server"
            },
            "tenancy": "default",
            "timeouts": null,
            "user_data": "9a2a00d694736d68b4bf7f4f953e43422eb7da68",
            "user_data_base64": null,
            "user_data_replace_on_change": false,
            "volume_tags": null,
            "vpc_security_group_ids": [
              "sg-0362bf8b7057bf3d9"
            ]
          },
          "sensitive_attributes": [],
          "private": "eyJlMmJmYjczMC1lY2FhLTExZTYtOGY4OC0zNDM2M2JjN2M0YzAiOnsiY3JlYXRlIjo2MDAwMDAwMDAwMDAsImRlbGV0ZSI6MTIwMDAwMDAwMDAwMCwidXBkYXRlIjo2MDAwMDAwMDAwMDB9LCJzY2hlbWFfdmVyc2lvbiI6IjEifQ==",
          "dependencies": [
            "aws_launch_template.PetclinicServerLT",
            "aws_security_group.dev-server-sg"
          ]
        }
      ]
    },
    {
      "mode": "managed",
      "type": "aws_launch_template",
      "name": "PetclinicServerLT",
      "provider": "provider[\"registry.terraform.io/hashicorp/aws\"]",
      "instances": [
        {
          "schema_version": 0,
          "attributes": {
            "arn": "arn:aws:ec2:us-east-1:986114105941:launch-template/lt-096c9de633647c5f0",
            "block_device_mappings": [],
            "capacity_reservation_specification": [],
            "cpu_options": [],
            "credit_specification": [],
            "default_version": 1,
            "description": "",
            "disable_api_stop": false,
            "disable_api_termination": false,
            "ebs_optimized": "",
            "elastic_gpu_specifications": [],
            "elastic_inference_accelerator": [],
            "enclave_options": [],
            "hibernation_options": [],
            "iam_instance_profile": [],
            "id": "lt-096c9de633647c5f0",
            "image_id": "ami-0fc5d935ebf8bc3bc",
            "instance_initiated_shutdown_behavior": "",
            "instance_market_options": [],
            "instance_requirements": [],
            "instance_type": "t3a.medium",
            "kernel_id": "",
            "key_name": "petclinic_key",
            "latest_version": 1,
            "license_specification": [],
            "maintenance_options": [],
            "metadata_options": [],
            "monitoring": [],
            "name": "terraform-20231111035828306200000001",
            "name_prefix": "terraform-",
            "network_interfaces": [],
            "placement": [],
            "private_dns_name_options": [],
            "ram_disk_id": "",
            "security_group_names": null,
            "tag_specifications": [],
            "tags": null,
            "tags_all": {},
            "update_default_version": null,
            "user_data": "IyEgL2Jpbi9iYXNoCiMhL2Jpbi9iYXNoCgojIFVwZGF0ZSB0aGUgcGFja2FnZSBsaXN0IGFuZCB1cGdyYWRlIGluc3RhbGxlZCBwYWNrYWdlcwpzdWRvIGFwdCB1cGRhdGUKc3VkbyBhcHQgdXBncmFkZSAteQoKIyBTZXQgdGhlIGhvc3RuYW1lIChpZiBuZWVkZWQpCiMgaG9zdG5hbWVjdGwgc2V0LWhvc3RuYW1lIERldmVsb3BtZW50LVNlcnZlcgoKIyBJbnN0YWxsIERvY2tlcgojIE5vdGU6IFlvdSBtaWdodCB3YW50IHRvIGluc3RhbGwgRG9ja2VyIHVzaW5nIHRoZSBvZmZpY2lhbCBEb2NrZXIgZG9jdW1lbnRhdGlvbiBmb3IgVWJ1bnR1LgojIFRoZSBmb2xsb3dpbmcgY29tbWFuZHMgYXJlIGZvciBkZW1vbnN0cmF0aW9uIHB1cnBvc2VzIGFuZCBtYXkgbm90IGNvdmVyIGFsbCBpbnN0YWxsYXRpb24gb3B0aW9ucy4Kc3VkbyBhcHQgaW5zdGFsbCBkb2NrZXIuaW8gLXkKCiMgU3RhcnQgYW5kIGVuYWJsZSB0aGUgRG9ja2VyIHNlcnZpY2UKc3VkbyBzeXN0ZW1jdGwgc3RhcnQgZG9ja2VyCnN1ZG8gc3lzdGVtY3RsIGVuYWJsZSBkb2NrZXIKCiMgQWRkIHRoZSBjdXJyZW50IHVzZXIgdG8gdGhlIERvY2tlciBncm91cCAoYXZvaWQgdXNpbmcgJ2VjMi11c2VyJyBvbiBVYnVudHUpCnN1ZG8gdXNlcm1vZCAtYUcgZG9ja2VyICQod2hvYW1pKQoKIyBJbnN0YWxsIERvY2tlciBDb21wb3NlCnN1ZG8gY3VybCAtTCAiaHR0cHM6Ly9naXRodWIuY29tL2RvY2tlci9jb21wb3NlL3JlbGVhc2VzL2Rvd25sb2FkLzEuMjYuMi9kb2NrZXItY29tcG9zZS0kKHVuYW1lIC1zKS0kKHVuYW1lIC1tKSIgXAotbyAvdXNyL2xvY2FsL2Jpbi9kb2NrZXItY29tcG9zZQpzdWRvIGNobW9kICt4IC91c3IvbG9jYWwvYmluL2RvY2tlci1jb21wb3NlCgojIEluc3RhbGwgR2l0CnN1ZG8gYXB0IGluc3RhbGwgZ2l0IC15CgojIEluc3RhbGwgT3BlbkpESyAoSmF2YSAxMSwgQ29ycmV0dG8pCnN1ZG8gYXB0IGluc3RhbGwgb3Blbmpkay0xMS1qZGsgLXkKCiMgQ2xvbmUgeW91ciBHaXQgcmVwb3NpdG9yeQpnaXQgY2xvbmUgaHR0cHM6Ly9naXRodWIuY29tL2theWxhMTAwMC9jb21wbGV0ZV9wcm9qZWN0LmdpdAoKIyBDaGFuZ2UgdG8gdGhlIHByb2plY3QgZGlyZWN0b3J5CmNkIGNvbXBsZXRlX3Byb2plY3QKCiMgQ3JlYXRlIGFuZCBzd2l0Y2ggdG8gdGhlICdkZXYnIGJyYW5jaApnaXQgY2hlY2tvdXQgZGV2CgoKCiMgIyB1c2UgdGhpcyBmb3IgYW1hem9uIGxpbnV4IGFtaQojIHl1bSB1cGRhdGUgLXkKIyBob3N0bmFtZWN0bCBzZXQtaG9zdG5hbWUgRGV2ZWxvcG1lbnQtU2VydmVyCiMgYW1hem9uLWxpbnV4LWV4dHJhcyBpbnN0YWxsIGRvY2tlciAteSAgIyBpZiBhbWF6b24gbGludXggYW1pIGlzIHVzZWQKIyBzeXN0ZW1jdGwgc3RhcnQgZG9ja2VyCiMgc3lzdGVtY3RsIGVuYWJsZSBkb2NrZXIKIyB1c2VybW9kIC1hIC1HIGRvY2tlciBlYzItdXNlcgojIGN1cmwgLUwgImh0dHBzOi8vZ2l0aHViLmNvbS9kb2NrZXIvY29tcG9zZS9yZWxlYXNlcy9kb3dubG9hZC8xLjI2LjIvZG9ja2VyLWNvbXBvc2UtJCh1bmFtZSAtcyktJCh1bmFtZSAtbSkiIFwKIyAtbyAvdXNyL2xvY2FsL2Jpbi9kb2NrZXItY29tcG9zZQojIGNobW9kICt4IC91c3IvbG9jYWwvYmluL2RvY2tlci1jb21wb3NlCiMgeXVtIGluc3RhbGwgZ2l0IC15CiMgeXVtIGluc3RhbGwgamF2YS0xMS1hbWF6b24tY29ycmV0dG8gLXkKIyBnaXQgY2xvbmUgaHR0cHM6Ly9naXRodWIuY29tL2theWxhMTAwMC9jb21wbGV0ZV9wcm9qZWN0LmdpdAojIGNkIG1pY3Jvc2VydmljZXMtd2l0aC1kYi1vbi1kZXYtc2VydmVyCiMgZ2l0IGNoZWNrb3V0IGRldg==",
            "vpc_security_group_ids": [
              "sg-0362bf8b7057bf3d9"
            ]
          },
          "sensitive_attributes": [],
          "private": "bnVsbA==",
          "dependencies": [
            "aws_security_group.dev-server-sg"
          ]
        }
      ]
    },
    {
      "mode": "managed",
      "type": "aws_security_group",
      "name": "dev-server-sg",
      "provider": "provider[\"registry.terraform.io/hashicorp/aws\"]",
      "instances": [
        {
          "schema_version": 1,
          "attributes": {
            "arn": "arn:aws:ec2:us-east-1:986114105941:security-group/sg-0362bf8b7057bf3d9",
            "description": "Managed by Terraform",
            "egress": [
              {
                "cidr_blocks": [
                  "0.0.0.0/0"
                ],
                "description": "",
                "from_port": 0,
                "ipv6_cidr_blocks": [],
                "prefix_list_ids": [],
                "protocol": "-1",
                "security_groups": [],
                "self": false,
                "to_port": 0
              }
            ],
            "id": "sg-0362bf8b7057bf3d9",
            "ingress": [
              {
                "cidr_blocks": [
                  "0.0.0.0/0"
                ],
                "description": "",
                "from_port": 22,
                "ipv6_cidr_blocks": [],
                "prefix_list_ids": [],
                "protocol": "tcp",
                "security_groups": [],
                "self": false,
                "to_port": 22
              },
              {
                "cidr_blocks": [
                  "0.0.0.0/0"
                ],
                "description": "",
                "from_port": 3000,
                "ipv6_cidr_blocks": [],
                "prefix_list_ids": [],
                "protocol": "tcp",
                "security_groups": [],
                "self": false,
                "to_port": 3000
              },
              {
                "cidr_blocks": [
                  "0.0.0.0/0"
                ],
                "description": "",
                "from_port": 7979,
                "ipv6_cidr_blocks": [],
                "prefix_list_ids": [],
                "protocol": "tcp",
                "security_groups": [],
                "self": false,
                "to_port": 7979
              },
              {
                "cidr_blocks": [
                  "0.0.0.0/0"
                ],
                "description": "",
                "from_port": 8000,
                "ipv6_cidr_blocks": [],
                "prefix_list_ids": [],
                "protocol": "tcp",
                "security_groups": [],
                "self": false,
                "to_port": 8000
              },
              {
                "cidr_blocks": [
                  "0.0.0.0/0"
                ],
                "description": "",
                "from_port": 8080,
                "ipv6_cidr_blocks": [],
                "prefix_list_ids": [],
                "protocol": "tcp",
                "security_groups": [],
                "self": false,
                "to_port": 8080
              },
              {
                "cidr_blocks": [
                  "0.0.0.0/0"
                ],
                "description": "",
                "from_port": 8081,
                "ipv6_cidr_blocks": [],
                "prefix_list_ids": [],
                "protocol": "tcp",
                "security_groups": [],
                "self": false,
                "to_port": 8081
              },
              {
                "cidr_blocks": [
                  "0.0.0.0/0"
                ],
                "description": "",
                "from_port": 8082,
                "ipv6_cidr_blocks": [],
                "prefix_list_ids": [],
                "protocol": "tcp",
                "security_groups": [],
                "self": false,
                "to_port": 8082
              },
              {
                "cidr_blocks": [
                  "0.0.0.0/0"
                ],
                "description": "",
                "from_port": 8083,
                "ipv6_cidr_blocks": [],
                "prefix_list_ids": [],
                "protocol": "tcp",
                "security_groups": [],
                "self": false,
                "to_port": 8083
              },
              {
                "cidr_blocks": [
                  "0.0.0.0/0"
                ],
                "description": "",
                "from_port": 80,
                "ipv6_cidr_blocks": [],
                "prefix_list_ids": [],
                "protocol": "tcp",
                "security_groups": [],
                "self": false,
                "to_port": 80
              },
              {
                "cidr_blocks": [
                  "0.0.0.0/0"
                ],
                "description": "",
                "from_port": 8761,
                "ipv6_cidr_blocks": [],
                "prefix_list_ids": [],
                "protocol": "tcp",
                "security_groups": [],
                "self": false,
                "to_port": 8761
              },
              {
                "cidr_blocks": [
                  "0.0.0.0/0"
                ],
                "description": "",
                "from_port": 8888,
                "ipv6_cidr_blocks": [],
                "prefix_list_ids": [],
                "protocol": "tcp",
                "security_groups": [],
                "self": false,
                "to_port": 8888
              },
              {
                "cidr_blocks": [
                  "0.0.0.0/0"
                ],
                "description": "",
                "from_port": 9090,
                "ipv6_cidr_blocks": [],
                "prefix_list_ids": [],
                "protocol": "tcp",
                "security_groups": [],
                "self": false,
                "to_port": 9090
              },
              {
                "cidr_blocks": [
                  "0.0.0.0/0"
                ],
                "description": "",
                "from_port": 9091,
                "ipv6_cidr_blocks": [],
                "prefix_list_ids": [],
                "protocol": "tcp",
                "security_groups": [],
                "self": false,
                "to_port": 9091
              },
              {
                "cidr_blocks": [
                  "0.0.0.0/0"
                ],
                "description": "",
                "from_port": 9411,
                "ipv6_cidr_blocks": [],
                "prefix_list_ids": [],
                "protocol": "tcp",
                "security_groups": [],
                "self": false,
                "to_port": 9411
              }
            ],
            "name": "sg_for_dev_server",
            "name_prefix": "",
            "owner_id": "986114105941",
            "revoke_rules_on_delete": false,
            "tags": {
              "Name": "sg_for_dev_server"
            },
            "tags_all": {
              "Name": "sg_for_dev_server"
            },
            "timeouts": null,
            "vpc_id": "vpc-046396996a021fd52"
          },
          "sensitive_attributes": [],
          "private": "eyJlMmJmYjczMC1lY2FhLTExZTYtOGY4OC0zNDM2M2JjN2M0YzAiOnsiY3JlYXRlIjo2MDAwMDAwMDAwMDAsImRlbGV0ZSI6OTAwMDAwMDAwMDAwfSwic2NoZW1hX3ZlcnNpb24iOiIxIn0="
        }
      ]
    }
  ],
  "check_results": null
}
